// !$*UTF8*$!
{
	archiveVersion = 1;
	classes = {
	};
	objectVersion = 46;
	objects = {

/* Begin PBXBuildFile section */
		CF600D221CBD7C7D000E15DF /* SeventhViewController.swift in Sources */ = {isa = PBXBuildFile; fileRef = CF600D211CBD7C7D000E15DF /* SeventhViewController.swift */; };
		CF600D241CBD80AB000E15DF /* Battery Ball Field.png in Resources */ = {isa = PBXBuildFile; fileRef = CF600D231CBD80AB000E15DF /* Battery Ball Field.png */; };
		CF600D261CBD80BA000E15DF /* Pier 40.png in Resources */ = {isa = PBXBuildFile; fileRef = CF600D251CBD80BA000E15DF /* Pier 40.png */; };
		CF8F092F1CB9C1200076E12C /* franco.jpg in Resources */ = {isa = PBXBuildFile; fileRef = CF8F092E1CB9C1200076E12C /* franco.jpg */; };
		CF9E00631CB700FE00BD5003 /* AppDelegate.swift in Sources */ = {isa = PBXBuildFile; fileRef = CF9E00621CB700FE00BD5003 /* AppDelegate.swift */; };
		CF9E00651CB700FE00BD5003 /* MainViewController.swift in Sources */ = {isa = PBXBuildFile; fileRef = CF9E00641CB700FE00BD5003 /* MainViewController.swift */; };
		CF9E00681CB700FE00BD5003 /* Main.storyboard in Resources */ = {isa = PBXBuildFile; fileRef = CF9E00661CB700FE00BD5003 /* Main.storyboard */; };
		CF9E006A1CB700FE00BD5003 /* Assets.xcassets in Resources */ = {isa = PBXBuildFile; fileRef = CF9E00691CB700FE00BD5003 /* Assets.xcassets */; };
		CF9E006D1CB700FE00BD5003 /* LaunchScreen.storyboard in Resources */ = {isa = PBXBuildFile; fileRef = CF9E006B1CB700FE00BD5003 /* LaunchScreen.storyboard */; };
		CF9E00751CB7021400BD5003 /* IMG_1510.jpg in Resources */ = {isa = PBXBuildFile; fileRef = CF9E00741CB7021400BD5003 /* IMG_1510.jpg */; };
		CF9E00791CB709D100BD5003 /* FirstPageViewController.swift in Sources */ = {isa = PBXBuildFile; fileRef = CF9E00781CB709D100BD5003 /* FirstPageViewController.swift */; };
		CF9E00821CB992FE00BD5003 /* home.ico in Resources */ = {isa = PBXBuildFile; fileRef = CF9E007C1CB992FD00BD5003 /* home.ico */; };
		CF9E00831CB992FE00BD5003 /* helmet.png in Resources */ = {isa = PBXBuildFile; fileRef = CF9E007D1CB992FD00BD5003 /* helmet.png */; };
		CF9E00841CB992FE00BD5003 /* football.png in Resources */ = {isa = PBXBuildFile; fileRef = CF9E007E1CB992FD00BD5003 /* football.png */; };
		CF9E00851CB992FE00BD5003 /* web.png in Resources */ = {isa = PBXBuildFile; fileRef = CF9E007F1CB992FD00BD5003 /* web.png */; };
		CF9E00861CB992FE00BD5003 /* price.png in Resources */ = {isa = PBXBuildFile; fileRef = CF9E00801CB992FD00BD5003 /* price.png */; };
		CF9E00871CB992FE00BD5003 /* info.jpeg in Resources */ = {isa = PBXBuildFile; fileRef = CF9E00811CB992FD00BD5003 /* info.jpeg */; };
		CF9E008F1CB9A3A100BD5003 /* st1.png in Resources */ = {isa = PBXBuildFile; fileRef = CF9E00881CB9A3A100BD5003 /* st1.png */; };
		CF9E00901CB9A3A100BD5003 /* group2.png in Resources */ = {isa = PBXBuildFile; fileRef = CF9E00891CB9A3A100BD5003 /* group2.png */; };
		CF9E00911CB9A3A100BD5003 /* qb.JPG in Resources */ = {isa = PBXBuildFile; fileRef = CF9E008A1CB9A3A100BD5003 /* qb.JPG */; };
		CF9E00921CB9A3A100BD5003 /* block.png in Resources */ = {isa = PBXBuildFile; fileRef = CF9E008B1CB9A3A100BD5003 /* block.png */; };
		CF9E00931CB9A3A100BD5003 /* rb.png in Resources */ = {isa = PBXBuildFile; fileRef = CF9E008C1CB9A3A100BD5003 /* rb.png */; };
		CF9E00941CB9A3A100BD5003 /* group1.JPG in Resources */ = {isa = PBXBuildFile; fileRef = CF9E008D1CB9A3A100BD5003 /* group1.JPG */; };
		CF9E00951CB9A3A100BD5003 /* wr.png in Resources */ = {isa = PBXBuildFile; fileRef = CF9E008E1CB9A3A100BD5003 /* wr.png */; };
		CF9E00971CB9A3D700BD5003 /* WR1.jpg in Resources */ = {isa = PBXBuildFile; fileRef = CF9E00961CB9A3D700BD5003 /* WR1.jpg */; };
		CF9E00991CB9A60C00BD5003 /* IMG_1663.jpg in Resources */ = {isa = PBXBuildFile; fileRef = CF9E00981CB9A60C00BD5003 /* IMG_1663.jpg */; };
		CFA09ED01CB9C6D200F3367D /* face.png in Resources */ = {isa = PBXBuildFile; fileRef = CFA09ECF1CB9C6D200F3367D /* face.png */; };
		CFA09ED21CB9C7DE00F3367D /* close.png in Resources */ = {isa = PBXBuildFile; fileRef = CFA09ED11CB9C7DE00F3367D /* close.png */; };
		CFA09ED41CBC1C9500F3367D /* price2.jpeg in Resources */ = {isa = PBXBuildFile; fileRef = CFA09ED31CBC1C9500F3367D /* price2.jpeg */; };
		CFA09ED61CBC1CCA00F3367D /* info2.png in Resources */ = {isa = PBXBuildFile; fileRef = CFA09ED51CBC1CCA00F3367D /* info2.png */; };
/* End PBXBuildFile section */

/* Begin PBXFileReference section */
		CF600D211CBD7C7D000E15DF /* SeventhViewController.swift */ = {isa = PBXFileReference; fileEncoding = 4; lastKnownFileType = sourcecode.swift; path = SeventhViewController.swift; sourceTree = "<group>"; };
		CF600D231CBD80AB000E15DF /* Battery Ball Field.png */ = {isa = PBXFileReference; lastKnownFileType = image.png; path = "Battery Ball Field.png"; sourceTree = "<group>"; };
		CF600D251CBD80BA000E15DF /* Pier 40.png */ = {isa = PBXFileReference; lastKnownFileType = image.png; path = "Pier 40.png"; sourceTree = "<group>"; };
		CF8F092E1CB9C1200076E12C /* franco.jpg */ = {isa = PBXFileReference; lastKnownFileType = image.jpeg; path = franco.jpg; sourceTree = "<group>"; };
		CF9E005F1CB700FE00BD5003 /* football-in-motion.app */ = {isa = PBXFileReference; explicitFileType = wrapper.application; includeInIndex = 0; path = "football-in-motion.app"; sourceTree = BUILT_PRODUCTS_DIR; };
		CF9E00621CB700FE00BD5003 /* AppDelegate.swift */ = {isa = PBXFileReference; lastKnownFileType = sourcecode.swift; path = AppDelegate.swift; sourceTree = "<group>"; };
		CF9E00641CB700FE00BD5003 /* MainViewController.swift */ = {isa = PBXFileReference; lastKnownFileType = sourcecode.swift; path = MainViewController.swift; sourceTree = "<group>"; };
		CF9E00671CB700FE00BD5003 /* Base */ = {isa = PBXFileReference; lastKnownFileType = file.storyboard; name = Base; path = Base.lproj/Main.storyboard; sourceTree = "<group>"; };
		CF9E00691CB700FE00BD5003 /* Assets.xcassets */ = {isa = PBXFileReference; lastKnownFileType = folder.assetcatalog; path = Assets.xcassets; sourceTree = "<group>"; };
		CF9E006C1CB700FE00BD5003 /* Base */ = {isa = PBXFileReference; lastKnownFileType = file.storyboard; name = Base; path = Base.lproj/LaunchScreen.storyboard; sourceTree = "<group>"; };
		CF9E006E1CB700FE00BD5003 /* Info.plist */ = {isa = PBXFileReference; lastKnownFileType = text.plist.xml; path = Info.plist; sourceTree = "<group>"; };
		CF9E00741CB7021400BD5003 /* IMG_1510.jpg */ = {isa = PBXFileReference; lastKnownFileType = image.jpeg; path = IMG_1510.jpg; sourceTree = "<group>"; };
		CF9E00781CB709D100BD5003 /* FirstPageViewController.swift */ = {isa = PBXFileReference; fileEncoding = 4; lastKnownFileType = sourcecode.swift; path = FirstPageViewController.swift; sourceTree = "<group>"; };
		CF9E007C1CB992FD00BD5003 /* home.ico */ = {isa = PBXFileReference; lastKnownFileType = image.ico; path = home.ico; sourceTree = "<group>"; };
		CF9E007D1CB992FD00BD5003 /* helmet.png */ = {isa = PBXFileReference; lastKnownFileType = image.png; path = helmet.png; sourceTree = "<group>"; };
		CF9E007E1CB992FD00BD5003 /* football.png */ = {isa = PBXFileReference; lastKnownFileType = image.png; path = football.png; sourceTree = "<group>"; };
		CF9E007F1CB992FD00BD5003 /* web.png */ = {isa = PBXFileReference; lastKnownFileType = image.png; path = web.png; sourceTree = "<group>"; };
		CF9E00801CB992FD00BD5003 /* price.png */ = {isa = PBXFileReference; lastKnownFileType = image.png; path = price.png; sourceTree = "<group>"; };
		CF9E00811CB992FD00BD5003 /* info.jpeg */ = {isa = PBXFileReference; lastKnownFileType = image.jpeg; path = info.jpeg; sourceTree = "<group>"; };
		CF9E00881CB9A3A100BD5003 /* st1.png */ = {isa = PBXFileReference; lastKnownFileType = image.png; path = st1.png; sourceTree = "<group>"; };
		CF9E00891CB9A3A100BD5003 /* group2.png */ = {isa = PBXFileReference; lastKnownFileType = image.png; path = group2.png; sourceTree = "<group>"; };
		CF9E008A1CB9A3A100BD5003 /* qb.JPG */ = {isa = PBXFileReference; lastKnownFileType = image.jpeg; path = qb.JPG; sourceTree = "<group>"; };
		CF9E008B1CB9A3A100BD5003 /* block.png */ = {isa = PBXFileReference; lastKnownFileType = image.png; path = block.png; sourceTree = "<group>"; };
		CF9E008C1CB9A3A100BD5003 /* rb.png */ = {isa = PBXFileReference; lastKnownFileType = image.png; path = rb.png; sourceTree = "<group>"; };
		CF9E008D1CB9A3A100BD5003 /* group1.JPG */ = {isa = PBXFileReference; lastKnownFileType = image.jpeg; path = group1.JPG; sourceTree = "<group>"; };
		CF9E008E1CB9A3A100BD5003 /* wr.png */ = {isa = PBXFileReference; lastKnownFileType = image.png; path = wr.png; sourceTree = "<group>"; };
		CF9E00961CB9A3D700BD5003 /* WR1.jpg */ = {isa = PBXFileReference; lastKnownFileType = image.jpeg; path = WR1.jpg; sourceTree = "<group>"; };
		CF9E00981CB9A60C00BD5003 /* IMG_1663.jpg */ = {isa = PBXFileReference; lastKnownFileType = image.jpeg; path = IMG_1663.jpg; sourceTree = "<group>"; };
		CFA09ECF1CB9C6D200F3367D /* face.png */ = {isa = PBXFileReference; lastKnownFileType = image.png; path = face.png; sourceTree = "<group>"; };
		CFA09ED11CB9C7DE00F3367D /* close.png */ = {isa = PBXFileReference; lastKnownFileType = image.png; path = close.png; sourceTree = "<group>"; };
		CFA09ED31CBC1C9500F3367D /* price2.jpeg */ = {isa = PBXFileReference; lastKnownFileType = image.jpeg; path = price2.jpeg; sourceTree = "<group>"; };
		CFA09ED51CBC1CCA00F3367D /* info2.png */ = {isa = PBXFileReference; lastKnownFileType = image.png; path = info2.png; sourceTree = "<group>"; };
/* End PBXFileReference section */

/* Begin PBXFrameworksBuildPhase section */
		CF9E005C1CB700FE00BD5003 /* Frameworks */ = {
			isa = PBXFrameworksBuildPhase;
			buildActionMask = 2147483647;
			files = (
			);
			runOnlyForDeploymentPostprocessing = 0;
		};
/* End PBXFrameworksBuildPhase section */

/* Begin PBXGroup section */
		CF9E00561CB700FE00BD5003 = {
			isa = PBXGroup;
			children = (
				CF9E00611CB700FE00BD5003 /* football-in-motion */,
				CF9E00601CB700FE00BD5003 /* Products */,
			);
			sourceTree = "<group>";
		};
		CF9E00601CB700FE00BD5003 /* Products */ = {
			isa = PBXGroup;
			children = (
				CF9E005F1CB700FE00BD5003 /* football-in-motion.app */,
			);
			name = Products;
			sourceTree = "<group>";
		};
		CF9E00611CB700FE00BD5003 /* football-in-motion */ = {
			isa = PBXGroup;
			children = (
				CF9E00741CB7021400BD5003 /* IMG_1510.jpg */,
				CF9E00981CB9A60C00BD5003 /* IMG_1663.jpg */,
				CF600D231CBD80AB000E15DF /* Battery Ball Field.png */,
				CF600D251CBD80BA000E15DF /* Pier 40.png */,
				CFA09ED31CBC1C9500F3367D /* price2.jpeg */,
				CFA09ED11CB9C7DE00F3367D /* close.png */,
				CFA09ED51CBC1CCA00F3367D /* info2.png */,
				CFA09ECF1CB9C6D200F3367D /* face.png */,
				CF8F092E1CB9C1200076E12C /* franco.jpg */,
				CF9E00881CB9A3A100BD5003 /* st1.png */,
				CF9E00891CB9A3A100BD5003 /* group2.png */,
				CF9E008A1CB9A3A100BD5003 /* qb.JPG */,
				CF9E008B1CB9A3A100BD5003 /* block.png */,
				CF9E008C1CB9A3A100BD5003 /* rb.png */,
				CF9E008D1CB9A3A100BD5003 /* group1.JPG */,
				CF9E008E1CB9A3A100BD5003 /* wr.png */,
				CF9E00961CB9A3D700BD5003 /* WR1.jpg */,
				CF9E007C1CB992FD00BD5003 /* home.ico */,
				CF9E007D1CB992FD00BD5003 /* helmet.png */,
				CF9E007E1CB992FD00BD5003 /* football.png */,
				CF9E007F1CB992FD00BD5003 /* web.png */,
				CF9E00801CB992FD00BD5003 /* price.png */,
				CF9E00811CB992FD00BD5003 /* info.jpeg */,
				CF9E00621CB700FE00BD5003 /* AppDelegate.swift */,
				CF9E00641CB700FE00BD5003 /* MainViewController.swift */,
				CF9E00661CB700FE00BD5003 /* Main.storyboard */,
				CF600D211CBD7C7D000E15DF /* SeventhViewController.swift */,
				CF9E00781CB709D100BD5003 /* FirstPageViewController.swift */,
				CF9E00691CB700FE00BD5003 /* Assets.xcassets */,
				CF9E006B1CB700FE00BD5003 /* LaunchScreen.storyboard */,
				CF9E006E1CB700FE00BD5003 /* Info.plist */,
			);
			path = "football-in-motion";
			sourceTree = "<group>";
		};
/* End PBXGroup section */

/* Begin PBXNativeTarget section */
		CF9E005E1CB700FE00BD5003 /* football-in-motion */ = {
			isa = PBXNativeTarget;
			buildConfigurationList = CF9E00711CB700FE00BD5003 /* Build configuration list for PBXNativeTarget "football-in-motion" */;
			buildPhases = (
				CF9E005B1CB700FE00BD5003 /* Sources */,
				CF9E005C1CB700FE00BD5003 /* Frameworks */,
				CF9E005D1CB700FE00BD5003 /* Resources */,
			);
			buildRules = (
			);
			dependencies = (
			);
			name = "football-in-motion";
			productName = "football-in-motion";
			productReference = CF9E005F1CB700FE00BD5003 /* football-in-motion.app */;
			productType = "com.apple.product-type.application";
		};
/* End PBXNativeTarget section */

/* Begin PBXProject section */
		CF9E00571CB700FE00BD5003 /* Project object */ = {
			isa = PBXProject;
			attributes = {
				LastSwiftUpdateCheck = 0730;
				LastUpgradeCheck = 0730;
				ORGANIZATIONNAME = "Francisco Arellanos";
				TargetAttributes = {
					CF9E005E1CB700FE00BD5003 = {
						CreatedOnToolsVersion = 7.3;
					};
				};
			};
			buildConfigurationList = CF9E005A1CB700FE00BD5003 /* Build configuration list for PBXProject "football-in-motion" */;
			compatibilityVersion = "Xcode 3.2";
			developmentRegion = English;
			hasScannedForEncodings = 0;
			knownRegions = (
				en,
				Base,
			);
			mainGroup = CF9E00561CB700FE00BD5003;
			productRefGroup = CF9E00601CB700FE00BD5003 /* Products */;
			projectDirPath = "";
			projectRoot = "";
			targets = (
				CF9E005E1CB700FE00BD5003 /* football-in-motion */,
			);
		};
/* End PBXProject section */

/* Begin PBXResourcesBuildPhase section */
		CF9E005D1CB700FE00BD5003 /* Resources */ = {
			isa = PBXResourcesBuildPhase;
			buildActionMask = 2147483647;
			files = (
				CF9E00971CB9A3D700BD5003 /* WR1.jpg in Resources */,
				CF9E00911CB9A3A100BD5003 /* qb.JPG in Resources */,
				CFA09ED61CBC1CCA00F3367D /* info2.png in Resources */,
				CF9E00921CB9A3A100BD5003 /* block.png in Resources */,
				CF9E00851CB992FE00BD5003 /* web.png in Resources */,
				CF9E00831CB992FE00BD5003 /* helmet.png in Resources */,
				CF9E006D1CB700FE00BD5003 /* LaunchScreen.storyboard in Resources */,
				CF600D241CBD80AB000E15DF /* Battery Ball Field.png in Resources */,
				CF9E00931CB9A3A100BD5003 /* rb.png in Resources */,
				CF9E008F1CB9A3A100BD5003 /* st1.png in Resources */,
				CF9E00941CB9A3A100BD5003 /* group1.JPG in Resources */,
				CF9E00901CB9A3A100BD5003 /* group2.png in Resources */,
				CF9E006A1CB700FE00BD5003 /* Assets.xcassets in Resources */,
				CF9E00951CB9A3A100BD5003 /* wr.png in Resources */,
				CF9E00821CB992FE00BD5003 /* home.ico in Resources */,
				CF9E00871CB992FE00BD5003 /* info.jpeg in Resources */,
				CF9E00861CB992FE00BD5003 /* price.png in Resources */,
				CF9E00841CB992FE00BD5003 /* football.png in Resources */,
				CFA09ED21CB9C7DE00F3367D /* close.png in Resources */,
				CF8F092F1CB9C1200076E12C /* franco.jpg in Resources */,
				CF600D261CBD80BA000E15DF /* Pier 40.png in Resources */,
				CFA09ED41CBC1C9500F3367D /* price2.jpeg in Resources */,
				CF9E00991CB9A60C00BD5003 /* IMG_1663.jpg in Resources */,
				CF9E00751CB7021400BD5003 /* IMG_1510.jpg in Resources */,
				CF9E00681CB700FE00BD5003 /* Main.storyboard in Resources */,
				CFA09ED01CB9C6D200F3367D /* face.png in Resources */,
			);
			runOnlyForDeploymentPostprocessing = 0;
		};
/* End PBXResourcesBuildPhase section */

/* Begin PBXSourcesBuildPhase section */
		CF9E005B1CB700FE00BD5003 /* Sources */ = {
			isa = PBXSourcesBuildPhase;
			buildActionMask = 2147483647;
			files = (
				CF9E00791CB709D100BD5003 /* FirstPageViewController.swift in Sources */,
				CF9E00651CB700FE00BD5003 /* MainViewController.swift in Sources */,
				CF600D221CBD7C7D000E15DF /* SeventhViewController.swift in Sources */,
				CF9E00631CB700FE00BD5003 /* AppDelegate.swift in Sources */,
			);
			runOnlyForDeploymentPostprocessing = 0;
		};
/* End PBXSourcesBuildPhase section */

/* Begin PBXVariantGroup section */
		CF9E00661CB700FE00BD5003 /* Main.storyboard */ = {
			isa = PBXVariantGroup;
			children = (
				CF9E00671CB700FE00BD5003 /* Base */,
			);
			name = Main.storyboard;
			sourceTree = "<group>";
		};
		CF9E006B1CB700FE00BD5003 /* LaunchScreen.storyboard */ = {
			isa = PBXVariantGroup;
			children = (
				CF9E006C1CB700FE00BD5003 /* Base */,
			);
			name = LaunchScreen.storyboard;
			sourceTree = "<group>";
		};
/* End PBXVariantGroup section */

/* Begin XCBuildConfiguration section */
		CF9E006F1CB700FE00BD5003 /* Debug */ = {
			isa = XCBuildConfiguration;
			buildSettings = {
				ALWAYS_SEARCH_USER_PATHS = NO;
				CLANG_ANALYZER_NONNULL = YES;
				CLANG_CXX_LANGUAGE_STANDARD = "gnu++0x";
				CLANG_CXX_LIBRARY = "libc++";
				CLANG_ENABLE_MODULES = YES;
				CLANG_ENABLE_OBJC_ARC = YES;
				CLANG_WARN_BOOL_CONVERSION = YES;
				CLANG_WARN_CONSTANT_CONVERSION = YES;
				CLANG_WARN_DIRECT_OBJC_ISA_USAGE = YES_ERROR;
				CLANG_WARN_EMPTY_BODY = YES;
				CLANG_WARN_ENUM_CONVERSION = YES;
				CLANG_WARN_INT_CONVERSION = YES;
				CLANG_WARN_OBJC_ROOT_CLASS = YES_ERROR;
				CLANG_WARN_UNREACHABLE_CODE = YES;
				CLANG_WARN__DUPLICATE_METHOD_MATCH = YES;
				"CODE_SIGN_IDENTITY[sdk=iphoneos*]" = "iPhone Developer";
				COPY_PHASE_STRIP = NO;
				DEBUG_INFORMATION_FORMAT = dwarf;
				ENABLE_STRICT_OBJC_MSGSEND = YES;
				ENABLE_TESTABILITY = YES;
				GCC_C_LANGUAGE_STANDARD = gnu99;
				GCC_DYNAMIC_NO_PIC = NO;
				GCC_NO_COMMON_BLOCKS = YES;
				GCC_OPTIMIZATION_LEVEL = 0;
				GCC_PREPROCESSOR_DEFINITIONS = (
					"DEBUG=1",
					"$(inherited)",
				);
				GCC_WARN_64_TO_32_BIT_CONVERSION = YES;
				GCC_WARN_ABOUT_RETURN_TYPE = YES_ERROR;
				GCC_WARN_UNDECLARED_SELECTOR = YES;
				GCC_WARN_UNINITIALIZED_AUTOS = YES_AGGRESSIVE;
				GCC_WARN_UNUSED_FUNCTION = YES;
				GCC_WARN_UNUSED_VARIABLE = YES;
				IPHONEOS_DEPLOYMENT_TARGET = 9.3;
				MTL_ENABLE_DEBUG_INFO = YES;
				ONLY_ACTIVE_ARCH = YES;
				SDKROOT = iphoneos;
				SWIFT_OPTIMIZATION_LEVEL = "-Onone";
			};
			name = Debug;
		};
		CF9E00701CB700FE00BD5003 /* Release */ = {
			isa = XCBuildConfiguration;
			buildSettings = {
				ALWAYS_SEARCH_USER_PATHS = NO;
				CLANG_ANALYZER_NONNULL = YES;
				CLANG_CXX_LANGUAGE_STANDARD = "gnu++0x";
				CLANG_CXX_LIBRARY = "libc++";
				CLANG_ENABLE_MODULES = YES;
				CLANG_ENABLE_OBJC_ARC = YES;
				CLANG_WARN_BOOL_CONVERSION = YES;
				CLANG_WARN_CONSTANT_CONVERSION = YES;
				CLANG_WARN_DIRECT_OBJC_ISA_USAGE = YES_ERROR;
				CLANG_WARN_EMPTY_BODY = YES;
				CLANG_WARN_ENUM_CONVERSION = YES;
				CLANG_WARN_INT_CONVERSION = YES;
				CLANG_WARN_OBJC_ROOT_CLASS = YES_ERROR;
				CLANG_WARN_UNREACHABLE_CODE = YES;
				CLANG_WARN__DUPLICATE_METHOD_MATCH = YES;
				"CODE_SIGN_IDENTITY[sdk=iphoneos*]" = "iPhone Developer";
				COPY_PHASE_STRIP = NO;
				DEBUG_INFORMATION_FORMAT = "dwarf-with-dsym";
				ENABLE_NS_ASSERTIONS = NO;
				ENABLE_STRICT_OBJC_MSGSEND = YES;
				GCC_C_LANGUAGE_STANDARD = gnu99;
				GCC_NO_COMMON_BLOCKS = YES;
				GCC_WARN_64_TO_32_BIT_CONVERSION = YES;
				GCC_WARN_ABOUT_RETURN_TYPE = YES_ERROR;
				GCC_WARN_UNDECLARED_SELECTOR = YES;
				GCC_WARN_UNINITIALIZED_AUTOS = YES_AGGRESSIVE;
				GCC_WARN_UNUSED_FUNCTION = YES;
				GCC_WARN_UNUSED_VARIABLE = YES;
				IPHONEOS_DEPLOYMENT_TARGET = 9.3;
				MTL_ENABLE_DEBUG_INFO = NO;
				SDKROOT = iphoneos;
				VALIDATE_PRODUCT = YES;
			};
			name = Release;
		};
		CF9E00721CB700FE00BD5003 /* Debug */ = {
			isa = XCBuildConfiguration;
			buildSettings = {
				ASSETCATALOG_COMPILER_APPICON_NAME = AppIcon;
				INFOPLIST_FILE = "football-in-motion/Info.plist";
				LD_RUNPATH_SEARCH_PATHS = "$(inherited) @executable_path/Frameworks";
				PRODUCT_BUNDLE_IDENTIFIER = "com.example.football-in-motion";
				PRODUCT_NAME = "$(TARGET_NAME)";
			};
			name = Debug;
		};
		CF9E00731CB700FE00BD5003 /* Release */ = {
			isa = XCBuildConfiguration;
			buildSettings = {
				ASSETCATALOG_COMPILER_APPICON_NAME = AppIcon;
				INFOPLIST_FILE = "football-in-motion/Info.plist";
				LD_RUNPATH_SEARCH_PATHS = "$(inherited) @executable_path/Frameworks";
				PRODUCT_BUNDLE_IDENTIFIER = "com.example.football-in-motion";
				PRODUCT_NAME = "$(TARGET_NAME)";
			};
			name = Release;
		};
/* End XCBuildConfiguration section */

/* Begin XCConfigurationList section */
		CF9E005A1CB700FE00BD5003 /* Build configuration list for PBXProject "football-in-motion" */ = {
			isa = XCConfigurationList;
			buildConfigurations = (
				CF9E006F1CB700FE00BD5003 /* Debug */,
				CF9E00701CB700FE00BD5003 /* Release */,
			);
			defaultConfigurationIsVisible = 0;
			defaultConfigurationName = Release;
		};
		CF9E00711CB700FE00BD5003 /* Build configuration list for PBXNativeTarget "football-in-motion" */ = {
			isa = XCConfigurationList;
			buildConfigurations = (
				CF9E00721CB700FE00BD5003 /* Debug */,
				CF9E00731CB700FE00BD5003 /* Release */,
			);
			defaultConfigurationIsVisible = 0;
			defaultConfigurationName = Release;
		};
/* End XCConfigurationList section */
	};
	rootObject = CF9E00571CB700FE00BD5003 /* Project object */;
}
